// !$*UTF8*$!
{
	archiveVersion = 1;
	classes = {
	};
	objectVersion = 56;
	objects = {

/* Begin PBXBuildFile section */
		862A0E742B6BA94E007F7096 /* FirebaseAnalytics in Frameworks */ = {isa = PBXBuildFile; productRef = 862A0E732B6BA94E007F7096 /* FirebaseAnalytics */; };
		862A0E762B6BA94E007F7096 /* FirebaseAnalyticsOnDeviceConversion in Frameworks */ = {isa = PBXBuildFile; productRef = 862A0E752B6BA94E007F7096 /* FirebaseAnalyticsOnDeviceConversion */; };
		862A0E782B6BA94E007F7096 /* FirebaseAnalyticsSwift in Frameworks */ = {isa = PBXBuildFile; productRef = 862A0E772B6BA94E007F7096 /* FirebaseAnalyticsSwift */; };
		862A0E7A2B6BA94E007F7096 /* FirebaseAnalyticsWithoutAdIdSupport in Frameworks */ = {isa = PBXBuildFile; productRef = 862A0E792B6BA94E007F7096 /* FirebaseAnalyticsWithoutAdIdSupport */; };
		862A0E7C2B6BA94E007F7096 /* FirebaseAppCheck in Frameworks */ = {isa = PBXBuildFile; productRef = 862A0E7B2B6BA94E007F7096 /* FirebaseAppCheck */; };
		862A0E7E2B6BA94E007F7096 /* FirebaseAppDistribution-Beta in Frameworks */ = {isa = PBXBuildFile; productRef = 862A0E7D2B6BA94E007F7096 /* FirebaseAppDistribution-Beta */; };
		862A0E802B6BA94E007F7096 /* FirebaseAuth in Frameworks */ = {isa = PBXBuildFile; productRef = 862A0E7F2B6BA94E007F7096 /* FirebaseAuth */; };
		862A0E822B6BA94E007F7096 /* FirebaseAuthCombine-Community in Frameworks */ = {isa = PBXBuildFile; productRef = 862A0E812B6BA94E007F7096 /* FirebaseAuthCombine-Community */; };
		862A0E842B6BA94E007F7096 /* FirebaseCrashlytics in Frameworks */ = {isa = PBXBuildFile; productRef = 862A0E832B6BA94E007F7096 /* FirebaseCrashlytics */; };
		862A0E862B6BA94E007F7096 /* FirebaseDatabase in Frameworks */ = {isa = PBXBuildFile; productRef = 862A0E852B6BA94E007F7096 /* FirebaseDatabase */; };
		862A0E882B6BA94E007F7096 /* FirebaseDatabaseSwift in Frameworks */ = {isa = PBXBuildFile; productRef = 862A0E872B6BA94E007F7096 /* FirebaseDatabaseSwift */; };
		862A0E8A2B6BA94E007F7096 /* FirebaseDynamicLinks in Frameworks */ = {isa = PBXBuildFile; productRef = 862A0E892B6BA94E007F7096 /* FirebaseDynamicLinks */; };
		862A0E8C2B6BA94E007F7096 /* FirebaseFirestore in Frameworks */ = {isa = PBXBuildFile; productRef = 862A0E8B2B6BA94E007F7096 /* FirebaseFirestore */; };
		862A0E8E2B6BA94E007F7096 /* FirebaseFirestoreCombine-Community in Frameworks */ = {isa = PBXBuildFile; productRef = 862A0E8D2B6BA94E007F7096 /* FirebaseFirestoreCombine-Community */; };
		862A0E902B6BA94E007F7096 /* FirebaseFirestoreSwift in Frameworks */ = {isa = PBXBuildFile; productRef = 862A0E8F2B6BA94E007F7096 /* FirebaseFirestoreSwift */; };
		862A0E922B6BA94E007F7096 /* FirebaseFunctions in Frameworks */ = {isa = PBXBuildFile; productRef = 862A0E912B6BA94E007F7096 /* FirebaseFunctions */; };
		862A0E942B6BA94E007F7096 /* FirebaseFunctionsCombine-Community in Frameworks */ = {isa = PBXBuildFile; productRef = 862A0E932B6BA94E007F7096 /* FirebaseFunctionsCombine-Community */; };
		862A0E962B6BA94E007F7096 /* FirebaseInAppMessaging-Beta in Frameworks */ = {isa = PBXBuildFile; productRef = 862A0E952B6BA94E007F7096 /* FirebaseInAppMessaging-Beta */; };
		862A0E982B6BA94E007F7096 /* FirebaseInAppMessagingSwift-Beta in Frameworks */ = {isa = PBXBuildFile; productRef = 862A0E972B6BA94E007F7096 /* FirebaseInAppMessagingSwift-Beta */; };
		862A0E9A2B6BA94E007F7096 /* FirebaseInstallations in Frameworks */ = {isa = PBXBuildFile; productRef = 862A0E992B6BA94E007F7096 /* FirebaseInstallations */; };
		862A0E9C2B6BA94E007F7096 /* FirebaseMLModelDownloader in Frameworks */ = {isa = PBXBuildFile; productRef = 862A0E9B2B6BA94E007F7096 /* FirebaseMLModelDownloader */; };
		862A0E9E2B6BA94E007F7096 /* FirebaseMessaging in Frameworks */ = {isa = PBXBuildFile; productRef = 862A0E9D2B6BA94E007F7096 /* FirebaseMessaging */; };
		862A0EA02B6BA94E007F7096 /* FirebasePerformance in Frameworks */ = {isa = PBXBuildFile; productRef = 862A0E9F2B6BA94E007F7096 /* FirebasePerformance */; };
		862A0EA22B6BA94E007F7096 /* FirebaseRemoteConfig in Frameworks */ = {isa = PBXBuildFile; productRef = 862A0EA12B6BA94E007F7096 /* FirebaseRemoteConfig */; };
		862A0EA42B6BA94E007F7096 /* FirebaseRemoteConfigSwift in Frameworks */ = {isa = PBXBuildFile; productRef = 862A0EA32B6BA94E007F7096 /* FirebaseRemoteConfigSwift */; };
		862A0EA62B6BA94E007F7096 /* FirebaseStorage in Frameworks */ = {isa = PBXBuildFile; productRef = 862A0EA52B6BA94E007F7096 /* FirebaseStorage */; };
		862A0EA82B6BA94E007F7096 /* FirebaseStorageCombine-Community in Frameworks */ = {isa = PBXBuildFile; productRef = 862A0EA72B6BA94E007F7096 /* FirebaseStorageCombine-Community */; };
		862A0EAA2B6BAB40007F7096 /* GoogleService-Info.plist in Resources */ = {isa = PBXBuildFile; fileRef = 862A0EA92B6BAB40007F7096 /* GoogleService-Info.plist */; };
		862A0EAD2B6BAD60007F7096 /* AuthService.swift in Sources */ = {isa = PBXBuildFile; fileRef = 862A0EAC2B6BAD60007F7096 /* AuthService.swift */; };
		862A0EB12B6BE24A007F7096 /* UIViewController+Extension.swift in Sources */ = {isa = PBXBuildFile; fileRef = 862A0EB02B6BE24A007F7096 /* UIViewController+Extension.swift */; };
		866BC8A82B67D33B007F3836 /* AppDelegate.swift in Sources */ = {isa = PBXBuildFile; fileRef = 866BC8A72B67D33B007F3836 /* AppDelegate.swift */; };
		866BC8AA2B67D33B007F3836 /* SceneDelegate.swift in Sources */ = {isa = PBXBuildFile; fileRef = 866BC8A92B67D33B007F3836 /* SceneDelegate.swift */; };
		866BC8AC2B67D33B007F3836 /* LogoViewController.swift in Sources */ = {isa = PBXBuildFile; fileRef = 866BC8AB2B67D33B007F3836 /* LogoViewController.swift */; };
		866BC8B12B67D33F007F3836 /* Assets.xcassets in Resources */ = {isa = PBXBuildFile; fileRef = 866BC8B02B67D33F007F3836 /* Assets.xcassets */; };
		866BC8B42B67D33F007F3836 /* LaunchScreen.storyboard in Resources */ = {isa = PBXBuildFile; fileRef = 866BC8B22B67D33F007F3836 /* LaunchScreen.storyboard */; };
		866BC8BC2B67F243007F3836 /* RegViewController.swift in Sources */ = {isa = PBXBuildFile; fileRef = 866BC8BB2B67F243007F3836 /* RegViewController.swift */; };
		86AAA0212B6F4F4C0098E32F /* FirestoreService.swift in Sources */ = {isa = PBXBuildFile; fileRef = 86AAA0202B6F4F4C0098E32F /* FirestoreService.swift */; };
		86AAA0232B6F6C490098E32F /* ProfileViewController.swift in Sources */ = {isa = PBXBuildFile; fileRef = 86AAA0222B6F6C490098E32F /* ProfileViewController.swift */; };
		86AAA0252B6F6C8C0098E32F /* ProfileTableHeaderView.swift in Sources */ = {isa = PBXBuildFile; fileRef = 86AAA0242B6F6C8C0098E32F /* ProfileTableHeaderView.swift */; };
		86AAA0272B6F6CFA0098E32F /* PostTableViewCell.swift in Sources */ = {isa = PBXBuildFile; fileRef = 86AAA0262B6F6CFA0098E32F /* PostTableViewCell.swift */; };
		86AAA0292B6F6D520098E32F /* PhotosTableViewCell.swift in Sources */ = {isa = PBXBuildFile; fileRef = 86AAA0282B6F6D520098E32F /* PhotosTableViewCell.swift */; };
		86BABF902B710A54004908EC /* PhotosViewController.swift in Sources */ = {isa = PBXBuildFile; fileRef = 86BABF8F2B710A54004908EC /* PhotosViewController.swift */; };
		86BABF922B710B20004908EC /* PhotosCollectionViewCell.swift in Sources */ = {isa = PBXBuildFile; fileRef = 86BABF912B710B20004908EC /* PhotosCollectionViewCell.swift */; };
		86BABF942B710B9B004908EC /* CollectionViewCell.swift in Sources */ = {isa = PBXBuildFile; fileRef = 86BABF932B710B9B004908EC /* CollectionViewCell.swift */; };
		86BABF962B710BEF004908EC /* ElementsCollectionViewCell.swift in Sources */ = {isa = PBXBuildFile; fileRef = 86BABF952B710BEF004908EC /* ElementsCollectionViewCell.swift */; };
/* End PBXBuildFile section */

/* Begin PBXFileReference section */
		862A0EA92B6BAB40007F7096 /* GoogleService-Info.plist */ = {isa = PBXFileReference; fileEncoding = 4; lastKnownFileType = text.plist.xml; path = "GoogleService-Info.plist"; sourceTree = "<group>"; };
		862A0EAC2B6BAD60007F7096 /* AuthService.swift */ = {isa = PBXFileReference; lastKnownFileType = sourcecode.swift; path = AuthService.swift; sourceTree = "<group>"; };
		862A0EB02B6BE24A007F7096 /* UIViewController+Extension.swift */ = {isa = PBXFileReference; lastKnownFileType = sourcecode.swift; path = "UIViewController+Extension.swift"; sourceTree = "<group>"; };
		866BC8A42B67D33B007F3836 /* PetsBookApp.app */ = {isa = PBXFileReference; explicitFileType = wrapper.application; includeInIndex = 0; path = PetsBookApp.app; sourceTree = BUILT_PRODUCTS_DIR; };
		866BC8A72B67D33B007F3836 /* AppDelegate.swift */ = {isa = PBXFileReference; lastKnownFileType = sourcecode.swift; path = AppDelegate.swift; sourceTree = "<group>"; };
		866BC8A92B67D33B007F3836 /* SceneDelegate.swift */ = {isa = PBXFileReference; lastKnownFileType = sourcecode.swift; path = SceneDelegate.swift; sourceTree = "<group>"; };
		866BC8AB2B67D33B007F3836 /* LogoViewController.swift */ = {isa = PBXFileReference; lastKnownFileType = sourcecode.swift; path = LogoViewController.swift; sourceTree = "<group>"; };
		866BC8B02B67D33F007F3836 /* Assets.xcassets */ = {isa = PBXFileReference; lastKnownFileType = folder.assetcatalog; path = Assets.xcassets; sourceTree = "<group>"; };
		866BC8B32B67D33F007F3836 /* Base */ = {isa = PBXFileReference; lastKnownFileType = file.storyboard; name = Base; path = Base.lproj/LaunchScreen.storyboard; sourceTree = "<group>"; };
		866BC8B52B67D33F007F3836 /* Info.plist */ = {isa = PBXFileReference; lastKnownFileType = text.plist.xml; path = Info.plist; sourceTree = "<group>"; };
		866BC8BB2B67F243007F3836 /* RegViewController.swift */ = {isa = PBXFileReference; lastKnownFileType = sourcecode.swift; path = RegViewController.swift; sourceTree = "<group>"; };
		86AAA0202B6F4F4C0098E32F /* FirestoreService.swift */ = {isa = PBXFileReference; lastKnownFileType = sourcecode.swift; path = FirestoreService.swift; sourceTree = "<group>"; };
		86AAA0222B6F6C490098E32F /* ProfileViewController.swift */ = {isa = PBXFileReference; lastKnownFileType = sourcecode.swift; path = ProfileViewController.swift; sourceTree = "<group>"; };
		86AAA0242B6F6C8C0098E32F /* ProfileTableHeaderView.swift */ = {isa = PBXFileReference; lastKnownFileType = sourcecode.swift; path = ProfileTableHeaderView.swift; sourceTree = "<group>"; };
		86AAA0262B6F6CFA0098E32F /* PostTableViewCell.swift */ = {isa = PBXFileReference; lastKnownFileType = sourcecode.swift; path = PostTableViewCell.swift; sourceTree = "<group>"; };
		86AAA0282B6F6D520098E32F /* PhotosTableViewCell.swift */ = {isa = PBXFileReference; lastKnownFileType = sourcecode.swift; path = PhotosTableViewCell.swift; sourceTree = "<group>"; };
		86BABF8F2B710A54004908EC /* PhotosViewController.swift */ = {isa = PBXFileReference; lastKnownFileType = sourcecode.swift; path = PhotosViewController.swift; sourceTree = "<group>"; };
		86BABF912B710B20004908EC /* PhotosCollectionViewCell.swift */ = {isa = PBXFileReference; lastKnownFileType = sourcecode.swift; path = PhotosCollectionViewCell.swift; sourceTree = "<group>"; };
		86BABF932B710B9B004908EC /* CollectionViewCell.swift */ = {isa = PBXFileReference; lastKnownFileType = sourcecode.swift; path = CollectionViewCell.swift; sourceTree = "<group>"; };
		86BABF952B710BEF004908EC /* ElementsCollectionViewCell.swift */ = {isa = PBXFileReference; lastKnownFileType = sourcecode.swift; path = ElementsCollectionViewCell.swift; sourceTree = "<group>"; };
/* End PBXFileReference section */

/* Begin PBXFrameworksBuildPhase section */
		866BC8A12B67D33B007F3836 /* Frameworks */ = {
			isa = PBXFrameworksBuildPhase;
			buildActionMask = 2147483647;
			files = (
				862A0E862B6BA94E007F7096 /* FirebaseDatabase in Frameworks */,
				862A0E942B6BA94E007F7096 /* FirebaseFunctionsCombine-Community in Frameworks */,
				862A0E8C2B6BA94E007F7096 /* FirebaseFirestore in Frameworks */,
				862A0E782B6BA94E007F7096 /* FirebaseAnalyticsSwift in Frameworks */,
				862A0E742B6BA94E007F7096 /* FirebaseAnalytics in Frameworks */,
				862A0E762B6BA94E007F7096 /* FirebaseAnalyticsOnDeviceConversion in Frameworks */,
				862A0E9C2B6BA94E007F7096 /* FirebaseMLModelDownloader in Frameworks */,
				862A0E902B6BA94E007F7096 /* FirebaseFirestoreSwift in Frameworks */,
				862A0E7C2B6BA94E007F7096 /* FirebaseAppCheck in Frameworks */,
				862A0E7A2B6BA94E007F7096 /* FirebaseAnalyticsWithoutAdIdSupport in Frameworks */,
				862A0E802B6BA94E007F7096 /* FirebaseAuth in Frameworks */,
				862A0E842B6BA94E007F7096 /* FirebaseCrashlytics in Frameworks */,
				862A0EA42B6BA94E007F7096 /* FirebaseRemoteConfigSwift in Frameworks */,
				862A0E962B6BA94E007F7096 /* FirebaseInAppMessaging-Beta in Frameworks */,
				862A0E882B6BA94E007F7096 /* FirebaseDatabaseSwift in Frameworks */,
				862A0E922B6BA94E007F7096 /* FirebaseFunctions in Frameworks */,
				862A0EA82B6BA94E007F7096 /* FirebaseStorageCombine-Community in Frameworks */,
				862A0EA22B6BA94E007F7096 /* FirebaseRemoteConfig in Frameworks */,
				862A0E7E2B6BA94E007F7096 /* FirebaseAppDistribution-Beta in Frameworks */,
				862A0E822B6BA94E007F7096 /* FirebaseAuthCombine-Community in Frameworks */,
				862A0EA02B6BA94E007F7096 /* FirebasePerformance in Frameworks */,
				862A0E982B6BA94E007F7096 /* FirebaseInAppMessagingSwift-Beta in Frameworks */,
				862A0EA62B6BA94E007F7096 /* FirebaseStorage in Frameworks */,
				862A0E8A2B6BA94E007F7096 /* FirebaseDynamicLinks in Frameworks */,
				862A0E8E2B6BA94E007F7096 /* FirebaseFirestoreCombine-Community in Frameworks */,
				862A0E9E2B6BA94E007F7096 /* FirebaseMessaging in Frameworks */,
				862A0E9A2B6BA94E007F7096 /* FirebaseInstallations in Frameworks */,
			);
			runOnlyForDeploymentPostprocessing = 0;
		};
/* End PBXFrameworksBuildPhase section */

/* Begin PBXGroup section */
		862A0EAB2B6BAD3F007F7096 /* Services */ = {
			isa = PBXGroup;
			children = (
				862A0EAC2B6BAD60007F7096 /* AuthService.swift */,
				86AAA0202B6F4F4C0098E32F /* FirestoreService.swift */,
			);
			path = Services;
			sourceTree = "<group>";
		};
		862A0EAE2B6BDB7F007F7096 /* Main */ = {
			isa = PBXGroup;
			children = (
				866BC8A92B67D33B007F3836 /* SceneDelegate.swift */,
				866BC8A72B67D33B007F3836 /* AppDelegate.swift */,
			);
			path = Main;
			sourceTree = "<group>";
		};
		862A0EAF2B6BE202007F7096 /* Extension */ = {
			isa = PBXGroup;
			children = (
				862A0EB02B6BE24A007F7096 /* UIViewController+Extension.swift */,
			);
			path = Extension;
			sourceTree = "<group>";
		};
		866BC89B2B67D33B007F3836 = {
			isa = PBXGroup;
			children = (
				866BC8A62B67D33B007F3836 /* PetsBookApp */,
				866BC8A52B67D33B007F3836 /* Products */,
			);
			sourceTree = "<group>";
		};
		866BC8A52B67D33B007F3836 /* Products */ = {
			isa = PBXGroup;
			children = (
				866BC8A42B67D33B007F3836 /* PetsBookApp.app */,
			);
			name = Products;
			sourceTree = "<group>";
		};
		866BC8A62B67D33B007F3836 /* PetsBookApp */ = {
			isa = PBXGroup;
			children = (
				862A0EAE2B6BDB7F007F7096 /* Main */,
				866BC8BF2B67F403007F3836 /* Sets */,
				862A0EAB2B6BAD3F007F7096 /* Services */,
				862A0EAF2B6BE202007F7096 /* Extension */,
				866BC8AB2B67D33B007F3836 /* LogoViewController.swift */,
				866BC8BB2B67F243007F3836 /* RegViewController.swift */,
				86AAA0242B6F6C8C0098E32F /* ProfileTableHeaderView.swift */,
				86AAA0222B6F6C490098E32F /* ProfileViewController.swift */,
				86AAA0262B6F6CFA0098E32F /* PostTableViewCell.swift */,
				86AAA0282B6F6D520098E32F /* PhotosTableViewCell.swift */,
				86BABF8F2B710A54004908EC /* PhotosViewController.swift */,
				86BABF912B710B20004908EC /* PhotosCollectionViewCell.swift */,
				86BABF932B710B9B004908EC /* CollectionViewCell.swift */,
				86BABF952B710BEF004908EC /* ElementsCollectionViewCell.swift */,
				866BC8B02B67D33F007F3836 /* Assets.xcassets */,
				866BC8B22B67D33F007F3836 /* LaunchScreen.storyboard */,
				866BC8B52B67D33F007F3836 /* Info.plist */,
				862A0EA92B6BAB40007F7096 /* GoogleService-Info.plist */,
			);
			path = PetsBookApp;
			sourceTree = "<group>";
		};
		866BC8BF2B67F403007F3836 /* Sets */ = {
			isa = PBXGroup;
			children = (
			);
			path = Sets;
			sourceTree = "<group>";
		};
/* End PBXGroup section */

/* Begin PBXNativeTarget section */
		866BC8A32B67D33B007F3836 /* PetsBookApp */ = {
			isa = PBXNativeTarget;
			buildConfigurationList = 866BC8B82B67D33F007F3836 /* Build configuration list for PBXNativeTarget "PetsBookApp" */;
			buildPhases = (
				866BC8A02B67D33B007F3836 /* Sources */,
				866BC8A12B67D33B007F3836 /* Frameworks */,
				866BC8A22B67D33B007F3836 /* Resources */,
			);
			buildRules = (
			);
			dependencies = (
			);
			name = PetsBookApp;
			packageProductDependencies = (
				862A0E732B6BA94E007F7096 /* FirebaseAnalytics */,
				862A0E752B6BA94E007F7096 /* FirebaseAnalyticsOnDeviceConversion */,
				862A0E772B6BA94E007F7096 /* FirebaseAnalyticsSwift */,
				862A0E792B6BA94E007F7096 /* FirebaseAnalyticsWithoutAdIdSupport */,
				862A0E7B2B6BA94E007F7096 /* FirebaseAppCheck */,
				862A0E7D2B6BA94E007F7096 /* FirebaseAppDistribution-Beta */,
				862A0E7F2B6BA94E007F7096 /* FirebaseAuth */,
				862A0E812B6BA94E007F7096 /* FirebaseAuthCombine-Community */,
				862A0E832B6BA94E007F7096 /* FirebaseCrashlytics */,
				862A0E852B6BA94E007F7096 /* FirebaseDatabase */,
				862A0E872B6BA94E007F7096 /* FirebaseDatabaseSwift */,
				862A0E892B6BA94E007F7096 /* FirebaseDynamicLinks */,
				862A0E8B2B6BA94E007F7096 /* FirebaseFirestore */,
				862A0E8D2B6BA94E007F7096 /* FirebaseFirestoreCombine-Community */,
				862A0E8F2B6BA94E007F7096 /* FirebaseFirestoreSwift */,
				862A0E912B6BA94E007F7096 /* FirebaseFunctions */,
				862A0E932B6BA94E007F7096 /* FirebaseFunctionsCombine-Community */,
				862A0E952B6BA94E007F7096 /* FirebaseInAppMessaging-Beta */,
				862A0E972B6BA94E007F7096 /* FirebaseInAppMessagingSwift-Beta */,
				862A0E992B6BA94E007F7096 /* FirebaseInstallations */,
				862A0E9B2B6BA94E007F7096 /* FirebaseMLModelDownloader */,
				862A0E9D2B6BA94E007F7096 /* FirebaseMessaging */,
				862A0E9F2B6BA94E007F7096 /* FirebasePerformance */,
				862A0EA12B6BA94E007F7096 /* FirebaseRemoteConfig */,
				862A0EA32B6BA94E007F7096 /* FirebaseRemoteConfigSwift */,
				862A0EA52B6BA94E007F7096 /* FirebaseStorage */,
				862A0EA72B6BA94E007F7096 /* FirebaseStorageCombine-Community */,
			);
			productName = PetsBookApp;
			productReference = 866BC8A42B67D33B007F3836 /* PetsBookApp.app */;
			productType = "com.apple.product-type.application";
		};
/* End PBXNativeTarget section */

/* Begin PBXProject section */
		866BC89C2B67D33B007F3836 /* Project object */ = {
			isa = PBXProject;
			attributes = {
				BuildIndependentTargetsInParallel = 1;
				LastSwiftUpdateCheck = 1510;
				LastUpgradeCheck = 1510;
				TargetAttributes = {
					866BC8A32B67D33B007F3836 = {
						CreatedOnToolsVersion = 15.1;
					};
				};
			};
			buildConfigurationList = 866BC89F2B67D33B007F3836 /* Build configuration list for PBXProject "PetsBookApp" */;
			compatibilityVersion = "Xcode 14.0";
			developmentRegion = en;
			hasScannedForEncodings = 0;
			knownRegions = (
				en,
				Base,
			);
			mainGroup = 866BC89B2B67D33B007F3836;
			packageReferences = (
				862A0E722B6BA94E007F7096 /* XCRemoteSwiftPackageReference "firebase-ios-sdk" */,
			);
			productRefGroup = 866BC8A52B67D33B007F3836 /* Products */;
			projectDirPath = "";
			projectRoot = "";
			targets = (
				866BC8A32B67D33B007F3836 /* PetsBookApp */,
			);
		};
/* End PBXProject section */

/* Begin PBXResourcesBuildPhase section */
		866BC8A22B67D33B007F3836 /* Resources */ = {
			isa = PBXResourcesBuildPhase;
			buildActionMask = 2147483647;
			files = (
				866BC8B42B67D33F007F3836 /* LaunchScreen.storyboard in Resources */,
				866BC8B12B67D33F007F3836 /* Assets.xcassets in Resources */,
				862A0EAA2B6BAB40007F7096 /* GoogleService-Info.plist in Resources */,
			);
			runOnlyForDeploymentPostprocessing = 0;
		};
/* End PBXResourcesBuildPhase section */

/* Begin PBXSourcesBuildPhase section */
		866BC8A02B67D33B007F3836 /* Sources */ = {
			isa = PBXSourcesBuildPhase;
			buildActionMask = 2147483647;
			files = (
				86AAA0212B6F4F4C0098E32F /* FirestoreService.swift in Sources */,
				862A0EB12B6BE24A007F7096 /* UIViewController+Extension.swift in Sources */,
				86AAA0252B6F6C8C0098E32F /* ProfileTableHeaderView.swift in Sources */,
				86AAA0292B6F6D520098E32F /* PhotosTableViewCell.swift in Sources */,
				86BABF922B710B20004908EC /* PhotosCollectionViewCell.swift in Sources */,
				866BC8AC2B67D33B007F3836 /* LogoViewController.swift in Sources */,
				86BABF962B710BEF004908EC /* ElementsCollectionViewCell.swift in Sources */,
				866BC8A82B67D33B007F3836 /* AppDelegate.swift in Sources */,
				862A0EAD2B6BAD60007F7096 /* AuthService.swift in Sources */,
				866BC8AA2B67D33B007F3836 /* SceneDelegate.swift in Sources */,
				86AAA0272B6F6CFA0098E32F /* PostTableViewCell.swift in Sources */,
				86BABF942B710B9B004908EC /* CollectionViewCell.swift in Sources */,
				86BABF902B710A54004908EC /* PhotosViewController.swift in Sources */,
				86AAA0232B6F6C490098E32F /* ProfileViewController.swift in Sources */,
				866BC8BC2B67F243007F3836 /* RegViewController.swift in Sources */,
			);
			runOnlyForDeploymentPostprocessing = 0;
		};
/* End PBXSourcesBuildPhase section */

/* Begin PBXVariantGroup section */
		866BC8B22B67D33F007F3836 /* LaunchScreen.storyboard */ = {
			isa = PBXVariantGroup;
			children = (
				866BC8B32B67D33F007F3836 /* Base */,
			);
			name = LaunchScreen.storyboard;
			sourceTree = "<group>";
		};
/* End PBXVariantGroup section */

/* Begin XCBuildConfiguration section */
		866BC8B62B67D33F007F3836 /* Debug */ = {
			isa = XCBuildConfiguration;
			buildSettings = {
				ALWAYS_SEARCH_USER_PATHS = NO;
				ASSETCATALOG_COMPILER_GENERATE_SWIFT_ASSET_SYMBOL_EXTENSIONS = YES;
				CLANG_ANALYZER_NONNULL = YES;
				CLANG_ANALYZER_NUMBER_OBJECT_CONVERSION = YES_AGGRESSIVE;
				CLANG_CXX_LANGUAGE_STANDARD = "gnu++20";
				CLANG_ENABLE_MODULES = YES;
				CLANG_ENABLE_OBJC_ARC = YES;
				CLANG_ENABLE_OBJC_WEAK = YES;
				CLANG_WARN_BLOCK_CAPTURE_AUTORELEASING = YES;
				CLANG_WARN_BOOL_CONVERSION = YES;
				CLANG_WARN_COMMA = YES;
				CLANG_WARN_CONSTANT_CONVERSION = YES;
				CLANG_WARN_DEPRECATED_OBJC_IMPLEMENTATIONS = YES;
				CLANG_WARN_DIRECT_OBJC_ISA_USAGE = YES_ERROR;
				CLANG_WARN_DOCUMENTATION_COMMENTS = YES;
				CLANG_WARN_EMPTY_BODY = YES;
				CLANG_WARN_ENUM_CONVERSION = YES;
				CLANG_WARN_INFINITE_RECURSION = YES;
				CLANG_WARN_INT_CONVERSION = YES;
				CLANG_WARN_NON_LITERAL_NULL_CONVERSION = YES;
				CLANG_WARN_OBJC_IMPLICIT_RETAIN_SELF = YES;
				CLANG_WARN_OBJC_LITERAL_CONVERSION = YES;
				CLANG_WARN_OBJC_ROOT_CLASS = YES_ERROR;
				CLANG_WARN_QUOTED_INCLUDE_IN_FRAMEWORK_HEADER = YES;
				CLANG_WARN_RANGE_LOOP_ANALYSIS = YES;
				CLANG_WARN_STRICT_PROTOTYPES = YES;
				CLANG_WARN_SUSPICIOUS_MOVE = YES;
				CLANG_WARN_UNGUARDED_AVAILABILITY = YES_AGGRESSIVE;
				CLANG_WARN_UNREACHABLE_CODE = YES;
				CLANG_WARN__DUPLICATE_METHOD_MATCH = YES;
				COPY_PHASE_STRIP = NO;
				DEBUG_INFORMATION_FORMAT = dwarf;
				ENABLE_STRICT_OBJC_MSGSEND = YES;
				ENABLE_TESTABILITY = YES;
				ENABLE_USER_SCRIPT_SANDBOXING = YES;
				GCC_C_LANGUAGE_STANDARD = gnu17;
				GCC_DYNAMIC_NO_PIC = NO;
				GCC_NO_COMMON_BLOCKS = YES;
				GCC_OPTIMIZATION_LEVEL = 0;
				GCC_PREPROCESSOR_DEFINITIONS = (
					"DEBUG=1",
					"$(inherited)",
				);
				GCC_WARN_64_TO_32_BIT_CONVERSION = YES;
				GCC_WARN_ABOUT_RETURN_TYPE = YES_ERROR;
				GCC_WARN_UNDECLARED_SELECTOR = YES;
				GCC_WARN_UNINITIALIZED_AUTOS = YES_AGGRESSIVE;
				GCC_WARN_UNUSED_FUNCTION = YES;
				GCC_WARN_UNUSED_VARIABLE = YES;
				IPHONEOS_DEPLOYMENT_TARGET = 17.2;
				LOCALIZATION_PREFERS_STRING_CATALOGS = YES;
				MTL_ENABLE_DEBUG_INFO = INCLUDE_SOURCE;
				MTL_FAST_MATH = YES;
				ONLY_ACTIVE_ARCH = YES;
				SDKROOT = iphoneos;
				SWIFT_ACTIVE_COMPILATION_CONDITIONS = "DEBUG $(inherited)";
				SWIFT_OPTIMIZATION_LEVEL = "-Onone";
			};
			name = Debug;
		};
		866BC8B72B67D33F007F3836 /* Release */ = {
			isa = XCBuildConfiguration;
			buildSettings = {
				ALWAYS_SEARCH_USER_PATHS = NO;
				ASSETCATALOG_COMPILER_GENERATE_SWIFT_ASSET_SYMBOL_EXTENSIONS = YES;
				CLANG_ANALYZER_NONNULL = YES;
				CLANG_ANALYZER_NUMBER_OBJECT_CONVERSION = YES_AGGRESSIVE;
				CLANG_CXX_LANGUAGE_STANDARD = "gnu++20";
				CLANG_ENABLE_MODULES = YES;
				CLANG_ENABLE_OBJC_ARC = YES;
				CLANG_ENABLE_OBJC_WEAK = YES;
				CLANG_WARN_BLOCK_CAPTURE_AUTORELEASING = YES;
				CLANG_WARN_BOOL_CONVERSION = YES;
				CLANG_WARN_COMMA = YES;
				CLANG_WARN_CONSTANT_CONVERSION = YES;
				CLANG_WARN_DEPRECATED_OBJC_IMPLEMENTATIONS = YES;
				CLANG_WARN_DIRECT_OBJC_ISA_USAGE = YES_ERROR;
				CLANG_WARN_DOCUMENTATION_COMMENTS = YES;
				CLANG_WARN_EMPTY_BODY = YES;
				CLANG_WARN_ENUM_CONVERSION = YES;
				CLANG_WARN_INFINITE_RECURSION = YES;
				CLANG_WARN_INT_CONVERSION = YES;
				CLANG_WARN_NON_LITERAL_NULL_CONVERSION = YES;
				CLANG_WARN_OBJC_IMPLICIT_RETAIN_SELF = YES;
				CLANG_WARN_OBJC_LITERAL_CONVERSION = YES;
				CLANG_WARN_OBJC_ROOT_CLASS = YES_ERROR;
				CLANG_WARN_QUOTED_INCLUDE_IN_FRAMEWORK_HEADER = YES;
				CLANG_WARN_RANGE_LOOP_ANALYSIS = YES;
				CLANG_WARN_STRICT_PROTOTYPES = YES;
				CLANG_WARN_SUSPICIOUS_MOVE = YES;
				CLANG_WARN_UNGUARDED_AVAILABILITY = YES_AGGRESSIVE;
				CLANG_WARN_UNREACHABLE_CODE = YES;
				CLANG_WARN__DUPLICATE_METHOD_MATCH = YES;
				COPY_PHASE_STRIP = NO;
				DEBUG_INFORMATION_FORMAT = "dwarf-with-dsym";
				ENABLE_NS_ASSERTIONS = NO;
				ENABLE_STRICT_OBJC_MSGSEND = YES;
				ENABLE_USER_SCRIPT_SANDBOXING = YES;
				GCC_C_LANGUAGE_STANDARD = gnu17;
				GCC_NO_COMMON_BLOCKS = YES;
				GCC_WARN_64_TO_32_BIT_CONVERSION = YES;
				GCC_WARN_ABOUT_RETURN_TYPE = YES_ERROR;
				GCC_WARN_UNDECLARED_SELECTOR = YES;
				GCC_WARN_UNINITIALIZED_AUTOS = YES_AGGRESSIVE;
				GCC_WARN_UNUSED_FUNCTION = YES;
				GCC_WARN_UNUSED_VARIABLE = YES;
				IPHONEOS_DEPLOYMENT_TARGET = 17.2;
				LOCALIZATION_PREFERS_STRING_CATALOGS = YES;
				MTL_ENABLE_DEBUG_INFO = NO;
				MTL_FAST_MATH = YES;
				SDKROOT = iphoneos;
				SWIFT_COMPILATION_MODE = wholemodule;
				VALIDATE_PRODUCT = YES;
			};
			name = Release;
		};
		866BC8B92B67D33F007F3836 /* Debug */ = {
			isa = XCBuildConfiguration;
			buildSettings = {
				ASSETCATALOG_COMPILER_APPICON_NAME = AppIcon;
				ASSETCATALOG_COMPILER_GLOBAL_ACCENT_COLOR_NAME = AccentColor;
				CODE_SIGN_STYLE = Automatic;
				CURRENT_PROJECT_VERSION = 1;
				DEVELOPMENT_TEAM = U76NSM2984;
				GENERATE_INFOPLIST_FILE = YES;
				INFOPLIST_FILE = PetsBookApp/Info.plist;
				INFOPLIST_KEY_UIApplicationSupportsIndirectInputEvents = YES;
				INFOPLIST_KEY_UILaunchStoryboardName = LaunchScreen;
				INFOPLIST_KEY_UIStatusBarStyle = "";
				INFOPLIST_KEY_UISupportedInterfaceOrientations = "UIInterfaceOrientationLandscapeLeft UIInterfaceOrientationLandscapeRight UIInterfaceOrientationPortrait UIInterfaceOrientationPortraitUpsideDown";
				LD_RUNPATH_SEARCH_PATHS = (
					"$(inherited)",
					"@executable_path/Frameworks",
				);
				MARKETING_VERSION = 1.0;
				PRODUCT_BUNDLE_IDENTIFIER = gordeeva.PetsBookApp;
				PRODUCT_NAME = "$(TARGET_NAME)";
				SWIFT_EMIT_LOC_STRINGS = YES;
				SWIFT_VERSION = 5.0;
				TARGETED_DEVICE_FAMILY = "1,2";
			};
			name = Debug;
		};
		866BC8BA2B67D33F007F3836 /* Release */ = {
			isa = XCBuildConfiguration;
			buildSettings = {
				ASSETCATALOG_COMPILER_APPICON_NAME = AppIcon;
				ASSETCATALOG_COMPILER_GLOBAL_ACCENT_COLOR_NAME = AccentColor;
				CODE_SIGN_STYLE = Automatic;
				CURRENT_PROJECT_VERSION = 1;
				DEVELOPMENT_TEAM = U76NSM2984;
				GENERATE_INFOPLIST_FILE = YES;
				INFOPLIST_FILE = PetsBookApp/Info.plist;
				INFOPLIST_KEY_UIApplicationSupportsIndirectInputEvents = YES;
				INFOPLIST_KEY_UILaunchStoryboardName = LaunchScreen;
				INFOPLIST_KEY_UIStatusBarStyle = "";
				INFOPLIST_KEY_UISupportedInterfaceOrientations = "UIInterfaceOrientationLandscapeLeft UIInterfaceOrientationLandscapeRight UIInterfaceOrientationPortrait UIInterfaceOrientationPortraitUpsideDown";
				LD_RUNPATH_SEARCH_PATHS = (
					"$(inherited)",
					"@executable_path/Frameworks",
				);
				MARKETING_VERSION = 1.0;
				PRODUCT_BUNDLE_IDENTIFIER = gordeeva.PetsBookApp;
				PRODUCT_NAME = "$(TARGET_NAME)";
				SWIFT_EMIT_LOC_STRINGS = YES;
				SWIFT_VERSION = 5.0;
				TARGETED_DEVICE_FAMILY = "1,2";
			};
			name = Release;
		};
/* End XCBuildConfiguration section */

/* Begin XCConfigurationList section */
		866BC89F2B67D33B007F3836 /* Build configuration list for PBXProject "PetsBookApp" */ = {
			isa = XCConfigurationList;
			buildConfigurations = (
				866BC8B62B67D33F007F3836 /* Debug */,
				866BC8B72B67D33F007F3836 /* Release */,
			);
			defaultConfigurationIsVisible = 0;
			defaultConfigurationName = Release;
		};
		866BC8B82B67D33F007F3836 /* Build configuration list for PBXNativeTarget "PetsBookApp" */ = {
			isa = XCConfigurationList;
			buildConfigurations = (
				866BC8B92B67D33F007F3836 /* Debug */,
				866BC8BA2B67D33F007F3836 /* Release */,
			);
			defaultConfigurationIsVisible = 0;
			defaultConfigurationName = Release;
		};
/* End XCConfigurationList section */

/* Begin XCRemoteSwiftPackageReference section */
		862A0E722B6BA94E007F7096 /* XCRemoteSwiftPackageReference "firebase-ios-sdk" */ = {
			isa = XCRemoteSwiftPackageReference;
			repositoryURL = "https://github.com/firebase/firebase-ios-sdk.git";
			requirement = {
				kind = upToNextMajorVersion;
				minimumVersion = 10.20.0;
			};
		};
/* End XCRemoteSwiftPackageReference section */

/* Begin XCSwiftPackageProductDependency section */
		862A0E732B6BA94E007F7096 /* FirebaseAnalytics */ = {
			isa = XCSwiftPackageProductDependency;
			package = 862A0E722B6BA94E007F7096 /* XCRemoteSwiftPackageReference "firebase-ios-sdk" */;
			productName = FirebaseAnalytics;
		};
		862A0E752B6BA94E007F7096 /* FirebaseAnalyticsOnDeviceConversion */ = {
			isa = XCSwiftPackageProductDependency;
			package = 862A0E722B6BA94E007F7096 /* XCRemoteSwiftPackageReference "firebase-ios-sdk" */;
			productName = FirebaseAnalyticsOnDeviceConversion;
		};
		862A0E772B6BA94E007F7096 /* FirebaseAnalyticsSwift */ = {
			isa = XCSwiftPackageProductDependency;
			package = 862A0E722B6BA94E007F7096 /* XCRemoteSwiftPackageReference "firebase-ios-sdk" */;
			productName = FirebaseAnalyticsSwift;
		};
		862A0E792B6BA94E007F7096 /* FirebaseAnalyticsWithoutAdIdSupport */ = {
			isa = XCSwiftPackageProductDependency;
			package = 862A0E722B6BA94E007F7096 /* XCRemoteSwiftPackageReference "firebase-ios-sdk" */;
			productName = FirebaseAnalyticsWithoutAdIdSupport;
		};
		862A0E7B2B6BA94E007F7096 /* FirebaseAppCheck */ = {
			isa = XCSwiftPackageProductDependency;
			package = 862A0E722B6BA94E007F7096 /* XCRemoteSwiftPackageReference "firebase-ios-sdk" */;
			productName = FirebaseAppCheck;
		};
		862A0E7D2B6BA94E007F7096 /* FirebaseAppDistribution-Beta */ = {
			isa = XCSwiftPackageProductDependency;
			package = 862A0E722B6BA94E007F7096 /* XCRemoteSwiftPackageReference "firebase-ios-sdk" */;
			productName = "FirebaseAppDistribution-Beta";
		};
		862A0E7F2B6BA94E007F7096 /* FirebaseAuth */ = {
			isa = XCSwiftPackageProductDependency;
			package = 862A0E722B6BA94E007F7096 /* XCRemoteSwiftPackageReference "firebase-ios-sdk" */;
			productName = FirebaseAuth;
		};
		862A0E812B6BA94E007F7096 /* FirebaseAuthCombine-Community */ = {
			isa = XCSwiftPackageProductDependency;
			package = 862A0E722B6BA94E007F7096 /* XCRemoteSwiftPackageReference "firebase-ios-sdk" */;
			productName = "FirebaseAuthCombine-Community";
		};
		862A0E832B6BA94E007F7096 /* FirebaseCrashlytics */ = {
			isa = XCSwiftPackageProductDependency;
			package = 862A0E722B6BA94E007F7096 /* XCRemoteSwiftPackageReference "firebase-ios-sdk" */;
			productName = FirebaseCrashlytics;
		};
		862A0E852B6BA94E007F7096 /* FirebaseDatabase */ = {
			isa = XCSwiftPackageProductDependency;
			package = 862A0E722B6BA94E007F7096 /* XCRemoteSwiftPackageReference "firebase-ios-sdk" */;
			productName = FirebaseDatabase;
		};
		862A0E872B6BA94E007F7096 /* FirebaseDatabaseSwift */ = {
			isa = XCSwiftPackageProductDependency;
			package = 862A0E722B6BA94E007F7096 /* XCRemoteSwiftPackageReference "firebase-ios-sdk" */;
			productName = FirebaseDatabaseSwift;
		};
		862A0E892B6BA94E007F7096 /* FirebaseDynamicLinks */ = {
			isa = XCSwiftPackageProductDependency;
			package = 862A0E722B6BA94E007F7096 /* XCRemoteSwiftPackageReference "firebase-ios-sdk" */;
			productName = FirebaseDynamicLinks;
		};
		862A0E8B2B6BA94E007F7096 /* FirebaseFirestore */ = {
			isa = XCSwiftPackageProductDependency;
			package = 862A0E722B6BA94E007F7096 /* XCRemoteSwiftPackageReference "firebase-ios-sdk" */;
			productName = FirebaseFirestore;
		};
		862A0E8D2B6BA94E007F7096 /* FirebaseFirestoreCombine-Community */ = {
			isa = XCSwiftPackageProductDependency;
			package = 862A0E722B6BA94E007F7096 /* XCRemoteSwiftPackageReference "firebase-ios-sdk" */;
			productName = "FirebaseFirestoreCombine-Community";
		};
		862A0E8F2B6BA94E007F7096 /* FirebaseFirestoreSwift */ = {
			isa = XCSwiftPackageProductDependency;
			package = 862A0E722B6BA94E007F7096 /* XCRemoteSwiftPackageReference "firebase-ios-sdk" */;
			productName = FirebaseFirestoreSwift;
		};
		862A0E912B6BA94E007F7096 /* FirebaseFunctions */ = {
			isa = XCSwiftPackageProductDependency;
			package = 862A0E722B6BA94E007F7096 /* XCRemoteSwiftPackageReference "firebase-ios-sdk" */;
			productName = FirebaseFunctions;
		};
		862A0E932B6BA94E007F7096 /* FirebaseFunctionsCombine-Community */ = {
			isa = XCSwiftPackageProductDependency;
			package = 862A0E722B6BA94E007F7096 /* XCRemoteSwiftPackageReference "firebase-ios-sdk" */;
			productName = "FirebaseFunctionsCombine-Community";
		};
		862A0E952B6BA94E007F7096 /* FirebaseInAppMessaging-Beta */ = {
			isa = XCSwiftPackageProductDependency;
			package = 862A0E722B6BA94E007F7096 /* XCRemoteSwiftPackageReference "firebase-ios-sdk" */;
			productName = "FirebaseInAppMessaging-Beta";
		};
		862A0E972B6BA94E007F7096 /* FirebaseInAppMessagingSwift-Beta */ = {
			isa = XCSwiftPackageProductDependency;
			package = 862A0E722B6BA94E007F7096 /* XCRemoteSwiftPackageReference "firebase-ios-sdk" */;
			productName = "FirebaseInAppMessagingSwift-Beta";
		};
		862A0E992B6BA94E007F7096 /* FirebaseInstallations */ = {
			isa = XCSwiftPackageProductDependency;
			package = 862A0E722B6BA94E007F7096 /* XCRemoteSwiftPackageReference "firebase-ios-sdk" */;
			productName = FirebaseInstallations;
		};
		862A0E9B2B6BA94E007F7096 /* FirebaseMLModelDownloader */ = {
			isa = XCSwiftPackageProductDependency;
			package = 862A0E722B6BA94E007F7096 /* XCRemoteSwiftPackageReference "firebase-ios-sdk" */;
			productName = FirebaseMLModelDownloader;
		};
		862A0E9D2B6BA94E007F7096 /* FirebaseMessaging */ = {
			isa = XCSwiftPackageProductDependency;
			package = 862A0E722B6BA94E007F7096 /* XCRemoteSwiftPackageReference "firebase-ios-sdk" */;
			productName = FirebaseMessaging;
		};
		862A0E9F2B6BA94E007F7096 /* FirebasePerformance */ = {
			isa = XCSwiftPackageProductDependency;
			package = 862A0E722B6BA94E007F7096 /* XCRemoteSwiftPackageReference "firebase-ios-sdk" */;
			productName = FirebasePerformance;
		};
		862A0EA12B6BA94E007F7096 /* FirebaseRemoteConfig */ = {
			isa = XCSwiftPackageProductDependency;
			package = 862A0E722B6BA94E007F7096 /* XCRemoteSwiftPackageReference "firebase-ios-sdk" */;
			productName = FirebaseRemoteConfig;
		};
		862A0EA32B6BA94E007F7096 /* FirebaseRemoteConfigSwift */ = {
			isa = XCSwiftPackageProductDependency;
			package = 862A0E722B6BA94E007F7096 /* XCRemoteSwiftPackageReference "firebase-ios-sdk" */;
			productName = FirebaseRemoteConfigSwift;
		};
		862A0EA52B6BA94E007F7096 /* FirebaseStorage */ = {
			isa = XCSwiftPackageProductDependency;
			package = 862A0E722B6BA94E007F7096 /* XCRemoteSwiftPackageReference "firebase-ios-sdk" */;
			productName = FirebaseStorage;
		};
		862A0EA72B6BA94E007F7096 /* FirebaseStorageCombine-Community */ = {
			isa = XCSwiftPackageProductDependency;
			package = 862A0E722B6BA94E007F7096 /* XCRemoteSwiftPackageReference "firebase-ios-sdk" */;
			productName = "FirebaseStorageCombine-Community";
		};
/* End XCSwiftPackageProductDependency section */
	};
	rootObject = 866BC89C2B67D33B007F3836 /* Project object */;
}
